
Microsoft Visual Studio Solution File, Format Version 12.00
# Visual Studio Version 16
VisualStudioVersion = 16.0.30413.136
MinimumVisualStudioVersion = 10.0.40219.1
Project("{FAE04EC0-301F-11D3-BF4B-00C04F79EFBC}") = "Tech Project 3B", "Tech Project 3B.csproj", "{3ACA06C0-CEEB-473E-B27A-C1177AE20767}"
EndProject
Global
	GlobalSection(SolutionConfigurationPlatforms) = preSolution
		Debug|Any CPU = Debug|Any CPU
		Release|Any CPU = Release|Any CPU
	EndGlobalSection
	GlobalSection(ProjectConfigurationPlatforms) = postSolution
		{3ACA06C0-CEEB-473E-B27A-C1177AE20767}.Debug|Any CPU.ActiveCfg = Debug|Any CPU
		{3ACA06C0-CEEB-473E-B27A-C1177AE20767}.Debug|Any CPU.Build.0 = Debug|Any CPU
		{3ACA06C0-CEEB-473E-B27A-C1177AE20767}.Release|Any CPU.ActiveCfg = Release|Any CPU
		{3ACA06C0-CEEB-473E-B27A-C1177AE20767}.Release|Any CPU.Build.0 = Release|Any CPU
	EndGlobalSection
	GlobalSection(SolutionProperties) = preSolution
		HideSolutionNode = FALSE
	EndGlobalSection
	GlobalSection(ExtensibilityGlobals) = postSolution
		SolutionGuid = {68D723D0-AA7B-42B7-8151-0A8AA4FF00EB}
	EndGlobalSection
EndGlobal
